
Microsoft Visual Studio Solution File, Format Version 12.00
# Visual Studio Version 17
VisualStudioVersion = 17.1.32421.90
MinimumVisualStudioVersion = 10.0.40219.1
Project("{FAE04EC0-301F-11D3-BF4B-00C04F79EFBC}") = "testProject", "testProject\testProject.csproj", "{CAB547DC-9382-4D32-A5EB-C850209BE0F8}"
EndProject
Global
	GlobalSection(SolutionConfigurationPlatforms) = preSolution
		Debug|Any CPU = Debug|Any CPU
		Release|Any CPU = Release|Any CPU
	EndGlobalSection
	GlobalSection(ProjectConfigurationPlatforms) = postSolution
		{CAB547DC-9382-4D32-A5EB-C850209BE0F8}.Debug|Any CPU.ActiveCfg = Debug|Any CPU
		{CAB547DC-9382-4D32-A5EB-C850209BE0F8}.Debug|Any CPU.Build.0 = Debug|Any CPU
		{CAB547DC-9382-4D32-A5EB-C850209BE0F8}.Release|Any CPU.ActiveCfg = Release|Any CPU
		{CAB547DC-9382-4D32-A5EB-C850209BE0F8}.Release|Any CPU.Build.0 = Release|Any CPU
	EndGlobalSection
	GlobalSection(SolutionProperties) = preSolution
		HideSolutionNode = FALSE
	EndGlobalSection
	GlobalSection(ExtensibilityGlobals) = postSolution
		SolutionGuid = {24BBE5B5-AA2B-4E24-9D61-264558BCAE9D}
	EndGlobalSection
EndGlobal
